
Microsoft Visual Studio Solution File, Format Version 12.00
# Visual Studio Version 17
VisualStudioVersion = 17.8.34309.116
MinimumVisualStudioVersion = 10.0.40219.1
Project("{FAE04EC0-301F-11D3-BF4B-00C04F79EFBC}") = "SortTriangle", "SortTriangle.csproj", "{D53E796D-FA3B-44C2-A719-77E676575EA3}"
EndProject
Global
	GlobalSection(SolutionConfigurationPlatforms) = preSolution
		Debug|Any CPU = Debug|Any CPU
		Release|Any CPU = Release|Any CPU
	EndGlobalSection
	GlobalSection(ProjectConfigurationPlatforms) = postSolution
		{D53E796D-FA3B-44C2-A719-77E676575EA3}.Debug|Any CPU.ActiveCfg = Debug|Any CPU
		{D53E796D-FA3B-44C2-A719-77E676575EA3}.Debug|Any CPU.Build.0 = Debug|Any CPU
		{D53E796D-FA3B-44C2-A719-77E676575EA3}.Release|Any CPU.ActiveCfg = Release|Any CPU
		{D53E796D-FA3B-44C2-A719-77E676575EA3}.Release|Any CPU.Build.0 = Release|Any CPU
	EndGlobalSection
	GlobalSection(SolutionProperties) = preSolution
		HideSolutionNode = FALSE
	EndGlobalSection
	GlobalSection(ExtensibilityGlobals) = postSolution
		SolutionGuid = {FD2AAD2A-DD25-4A57-9148-88F58261600A}
	EndGlobalSection
EndGlobal
